
Microsoft Visual Studio Solution File, Format Version 12.00
# Visual Studio Version 17
VisualStudioVersion = 17.3.32929.385
MinimumVisualStudioVersion = 10.0.40219.1
Project("{FAE04EC0-301F-11D3-BF4B-00C04F79EFBC}") = "AlgorithmsLaba3", "AlgorithmsLaba3\AlgorithmsLaba3.csproj", "{770C1FE7-4C6D-4762-BA36-A6C30B9B1653}"
EndProject
Global
	GlobalSection(SolutionConfigurationPlatforms) = preSolution
		Debug|Any CPU = Debug|Any CPU
		Release|Any CPU = Release|Any CPU
	EndGlobalSection
	GlobalSection(ProjectConfigurationPlatforms) = postSolution
		{770C1FE7-4C6D-4762-BA36-A6C30B9B1653}.Debug|Any CPU.ActiveCfg = Debug|Any CPU
		{770C1FE7-4C6D-4762-BA36-A6C30B9B1653}.Debug|Any CPU.Build.0 = Debug|Any CPU
		{770C1FE7-4C6D-4762-BA36-A6C30B9B1653}.Release|Any CPU.ActiveCfg = Release|Any CPU
		{770C1FE7-4C6D-4762-BA36-A6C30B9B1653}.Release|Any CPU.Build.0 = Release|Any CPU
	EndGlobalSection
	GlobalSection(SolutionProperties) = preSolution
		HideSolutionNode = FALSE
	EndGlobalSection
	GlobalSection(ExtensibilityGlobals) = postSolution
		SolutionGuid = {559E78DD-734A-4051-A58A-E6E24CF79933}
	EndGlobalSection
EndGlobal
